PODS:
  - FFmpegKit (6.1.0):
    - FFmpegKit/FFmpegKit (= 6.1.0)
  - FFmpegKit/FFmpegKit (6.1.0):
    - Libass
  - Libass (0.17.1):
    - Libass/Libass (= 0.17.1)
  - Libass/Libass (0.17.1)
  - Libmpv (0.37.0):
    - Libmpv/Libmpv (= 0.37.0)
  - Libmpv/Libmpv (0.37.0):
    - FFmpegKit

DEPENDENCIES:
  - FFmpegKit (from `../`)
  - Libass (from `../`)
  - Libmpv (from `../`)

EXTERNAL SOURCES:
  FFmpegKit:
    :path: "../"
  Libass:
    :path: "../"
  Libmpv:
    :path: "../"

SPEC CHECKSUMS:
  FFmpegKit: 27da2cafe0cc98766dc62eb1d1d7d9bd54cde65d
  Libass: e88af2324e1217e3a4c8bdc675f6f23a9dfc7677
  Libmpv: f221c4019c71818458578aa3d3777c9d3a2eca88

PODFILE CHECKSUM: 195f56c64502cd41192e614176b550fa2a762d0a

COCOAPODS: 1.15.2
